
Microsoft Visual Studio Solution File, Format Version 12.00
# Visual Studio Version 17
VisualStudioVersion = 17.0.32112.339
MinimumVisualStudioVersion = 10.0.40219.1
Project("{FAE04EC0-301F-11D3-BF4B-00C04F79EFBC}") = "EFCore_DBFirst_WinForm", "EFCore_DBFirst_WinForm\EFCore_DBFirst_WinForm.csproj", "{834AE711-2FA6-4594-A01A-33497698F643}"
EndProject
Global
	GlobalSection(SolutionConfigurationPlatforms) = preSolution
		Debug|Any CPU = Debug|Any CPU
		Release|Any CPU = Release|Any CPU
	EndGlobalSection
	GlobalSection(ProjectConfigurationPlatforms) = postSolution
		{834AE711-2FA6-4594-A01A-33497698F643}.Debug|Any CPU.ActiveCfg = Debug|Any CPU
		{834AE711-2FA6-4594-A01A-33497698F643}.Debug|Any CPU.Build.0 = Debug|Any CPU
		{834AE711-2FA6-4594-A01A-33497698F643}.Release|Any CPU.ActiveCfg = Release|Any CPU
		{834AE711-2FA6-4594-A01A-33497698F643}.Release|Any CPU.Build.0 = Release|Any CPU
	EndGlobalSection
	GlobalSection(SolutionProperties) = preSolution
		HideSolutionNode = FALSE
	EndGlobalSection
	GlobalSection(ExtensibilityGlobals) = postSolution
		SolutionGuid = {E87AD81C-BE3A-42D6-87D3-B926673D1023}
	EndGlobalSection
EndGlobal
